// !$*UTF8*$!
{
	archiveVersion = 1;
	classes = {
	};
	objectVersion = 46;
	objects = {

/* Begin PBXBuildFile section */
		149E01DE1BD03335001A187A /* main.swift in Sources */ = {isa = PBXBuildFile; fileRef = 149E01DD1BD03335001A187A /* main.swift */; };
		149E01E51BD06D84001A187A /* Money.swift in Sources */ = {isa = PBXBuildFile; fileRef = 149E01E41BD06D84001A187A /* Money.swift */; settings = {ASSET_TAGS = (); }; };
		149E01E71BD06D98001A187A /* Job.swift in Sources */ = {isa = PBXBuildFile; fileRef = 149E01E61BD06D98001A187A /* Job.swift */; settings = {ASSET_TAGS = (); }; };
		149E01E91BD06DA6001A187A /* Person.swift in Sources */ = {isa = PBXBuildFile; fileRef = 149E01E81BD06DA6001A187A /* Person.swift */; settings = {ASSET_TAGS = (); }; };
		149E01EB1BD06DBA001A187A /* Family.swift in Sources */ = {isa = PBXBuildFile; fileRef = 149E01EA1BD06DBA001A187A /* Family.swift */; settings = {ASSET_TAGS = (); }; };
		14EC5FB51BD7584500542279 /* CustomStringConvertible.swift in Sources */ = {isa = PBXBuildFile; fileRef = 14EC5FB41BD7584500542279 /* CustomStringConvertible.swift */; settings = {ASSET_TAGS = (); }; };
		14EC5FB71BD75CC000542279 /* Mathematics.swift in Sources */ = {isa = PBXBuildFile; fileRef = 14EC5FB61BD75CC000542279 /* Mathematics.swift */; settings = {ASSET_TAGS = (); }; };
		14EC5FB91BD75F6000542279 /* DoubleExtension.swift in Sources */ = {isa = PBXBuildFile; fileRef = 14EC5FB81BD75F6000542279 /* DoubleExtension.swift */; settings = {ASSET_TAGS = (); }; };
/* End PBXBuildFile section */

/* Begin PBXCopyFilesBuildPhase section */
		149E01D81BD03335001A187A /* CopyFiles */ = {
			isa = PBXCopyFilesBuildPhase;
			buildActionMask = 2147483647;
			dstPath = /usr/share/man/man1/;
			dstSubfolderSpec = 0;
			files = (
			);
			runOnlyForDeploymentPostprocessing = 1;
		};
/* End PBXCopyFilesBuildPhase section */

/* Begin PBXFileReference section */
		149E01DA1BD03335001A187A /* Domain Modeling */ = {isa = PBXFileReference; explicitFileType = "compiled.mach-o.executable"; includeInIndex = 0; path = "Domain Modeling"; sourceTree = BUILT_PRODUCTS_DIR; };
		149E01DD1BD03335001A187A /* main.swift */ = {isa = PBXFileReference; lastKnownFileType = sourcecode.swift; path = main.swift; sourceTree = "<group>"; };
		149E01E41BD06D84001A187A /* Money.swift */ = {isa = PBXFileReference; fileEncoding = 4; lastKnownFileType = sourcecode.swift; path = Money.swift; sourceTree = "<group>"; };
		149E01E61BD06D98001A187A /* Job.swift */ = {isa = PBXFileReference; fileEncoding = 4; lastKnownFileType = sourcecode.swift; path = Job.swift; sourceTree = "<group>"; };
		149E01E81BD06DA6001A187A /* Person.swift */ = {isa = PBXFileReference; fileEncoding = 4; lastKnownFileType = sourcecode.swift; path = Person.swift; sourceTree = "<group>"; };
		149E01EA1BD06DBA001A187A /* Family.swift */ = {isa = PBXFileReference; fileEncoding = 4; lastKnownFileType = sourcecode.swift; path = Family.swift; sourceTree = "<group>"; };
		14EC5FB41BD7584500542279 /* CustomStringConvertible.swift */ = {isa = PBXFileReference; fileEncoding = 4; lastKnownFileType = sourcecode.swift; path = CustomStringConvertible.swift; sourceTree = "<group>"; };
		14EC5FB61BD75CC000542279 /* Mathematics.swift */ = {isa = PBXFileReference; fileEncoding = 4; lastKnownFileType = sourcecode.swift; path = Mathematics.swift; sourceTree = "<group>"; };
		14EC5FB81BD75F6000542279 /* DoubleExtension.swift */ = {isa = PBXFileReference; fileEncoding = 4; lastKnownFileType = sourcecode.swift; path = DoubleExtension.swift; sourceTree = "<group>"; };
/* End PBXFileReference section */

/* Begin PBXFrameworksBuildPhase section */
		149E01D71BD03335001A187A /* Frameworks */ = {
			isa = PBXFrameworksBuildPhase;
			buildActionMask = 2147483647;
			files = (
			);
			runOnlyForDeploymentPostprocessing = 0;
		};
/* End PBXFrameworksBuildPhase section */

/* Begin PBXGroup section */
		149E01D11BD03335001A187A = {
			isa = PBXGroup;
			children = (
				149E01DC1BD03335001A187A /* Domain Modeling */,
				149E01DB1BD03335001A187A /* Products */,
			);
			sourceTree = "<group>";
		};
		149E01DB1BD03335001A187A /* Products */ = {
			isa = PBXGroup;
			children = (
				149E01DA1BD03335001A187A /* Domain Modeling */,
			);
			name = Products;
			sourceTree = "<group>";
		};
		149E01DC1BD03335001A187A /* Domain Modeling */ = {
			isa = PBXGroup;
			children = (
				149E01DD1BD03335001A187A /* main.swift */,
				149E01E41BD06D84001A187A /* Money.swift */,
				149E01E61BD06D98001A187A /* Job.swift */,
				149E01E81BD06DA6001A187A /* Person.swift */,
				149E01EA1BD06DBA001A187A /* Family.swift */,
				14EC5FB41BD7584500542279 /* CustomStringConvertible.swift */,
				14EC5FB61BD75CC000542279 /* Mathematics.swift */,
				14EC5FB81BD75F6000542279 /* DoubleExtension.swift */,
			);
			path = "Domain Modeling";
			sourceTree = "<group>";
		};
/* End PBXGroup section */

/* Begin PBXNativeTarget section */
		149E01D91BD03335001A187A /* Domain Modeling */ = {
			isa = PBXNativeTarget;
			buildConfigurationList = 149E01E11BD03335001A187A /* Build configuration list for PBXNativeTarget "Domain Modeling" */;
			buildPhases = (
				149E01D61BD03335001A187A /* Sources */,
				149E01D71BD03335001A187A /* Frameworks */,
				149E01D81BD03335001A187A /* CopyFiles */,
			);
			buildRules = (
			);
			dependencies = (
			);
			name = "Domain Modeling";
			productName = "Domain Modeling";
			productReference = 149E01DA1BD03335001A187A /* Domain Modeling */;
			productType = "com.apple.product-type.tool";
		};
/* End PBXNativeTarget section */

/* Begin PBXProject section */
		149E01D21BD03335001A187A /* Project object */ = {
			isa = PBXProject;
			attributes = {
				LastUpgradeCheck = 0700;
				ORGANIZATIONNAME = "Shawn Namdar";
				TargetAttributes = {
					149E01D91BD03335001A187A = {
						CreatedOnToolsVersion = 7.0.1;
					};
				};
			};
			buildConfigurationList = 149E01D51BD03335001A187A /* Build configuration list for PBXProject "Domain Modeling" */;
			compatibilityVersion = "Xcode 3.2";
			developmentRegion = English;
			hasScannedForEncodings = 0;
			knownRegions = (
				en,
			);
			mainGroup = 149E01D11BD03335001A187A;
			productRefGroup = 149E01DB1BD03335001A187A /* Products */;
			projectDirPath = "";
			projectRoot = "";
			targets = (
				149E01D91BD03335001A187A /* Domain Modeling */,
			);
		};
/* End PBXProject section */

/* Begin PBXSourcesBuildPhase section */
		149E01D61BD03335001A187A /* Sources */ = {
			isa = PBXSourcesBuildPhase;
			buildActionMask = 2147483647;
			files = (
				14EC5FB91BD75F6000542279 /* DoubleExtension.swift in Sources */,
				149E01EB1BD06DBA001A187A /* Family.swift in Sources */,
				149E01E51BD06D84001A187A /* Money.swift in Sources */,
				149E01E71BD06D98001A187A /* Job.swift in Sources */,
				149E01E91BD06DA6001A187A /* Person.swift in Sources */,
				149E01DE1BD03335001A187A /* main.swift in Sources */,
				14EC5FB51BD7584500542279 /* CustomStringConvertible.swift in Sources */,
				14EC5FB71BD75CC000542279 /* Mathematics.swift in Sources */,
			);
			runOnlyForDeploymentPostprocessing = 0;
		};
/* End PBXSourcesBuildPhase section */

/* Begin XCBuildConfiguration section */
		149E01DF1BD03335001A187A /* Debug */ = {
			isa = XCBuildConfiguration;
			buildSettings = {
				ALWAYS_SEARCH_USER_PATHS = NO;
				CLANG_CXX_LANGUAGE_STANDARD = "gnu++0x";
				CLANG_CXX_LIBRARY = "libc++";
				CLANG_ENABLE_MODULES = YES;
				CLANG_ENABLE_OBJC_ARC = YES;
				CLANG_WARN_BOOL_CONVERSION = YES;
				CLANG_WARN_CONSTANT_CONVERSION = YES;
				CLANG_WARN_DIRECT_OBJC_ISA_USAGE = YES_ERROR;
				CLANG_WARN_EMPTY_BODY = YES;
				CLANG_WARN_ENUM_CONVERSION = YES;
				CLANG_WARN_INT_CONVERSION = YES;
				CLANG_WARN_OBJC_ROOT_CLASS = YES_ERROR;
				CLANG_WARN_UNREACHABLE_CODE = YES;
				CLANG_WARN__DUPLICATE_METHOD_MATCH = YES;
				COPY_PHASE_STRIP = NO;
				DEBUG_INFORMATION_FORMAT = dwarf;
				ENABLE_STRICT_OBJC_MSGSEND = YES;
				ENABLE_TESTABILITY = YES;
				GCC_C_LANGUAGE_STANDARD = gnu99;
				GCC_DYNAMIC_NO_PIC = NO;
				GCC_NO_COMMON_BLOCKS = YES;
				GCC_OPTIMIZATION_LEVEL = 0;
				GCC_PREPROCESSOR_DEFINITIONS = (
					"DEBUG=1",
					"$(inherited)",
				);
				GCC_WARN_64_TO_32_BIT_CONVERSION = YES;
				GCC_WARN_ABOUT_RETURN_TYPE = YES_ERROR;
				GCC_WARN_UNDECLARED_SELECTOR = YES;
				GCC_WARN_UNINITIALIZED_AUTOS = YES_AGGRESSIVE;
				GCC_WARN_UNUSED_FUNCTION = YES;
				GCC_WARN_UNUSED_VARIABLE = YES;
				MACOSX_DEPLOYMENT_TARGET = 10.10;
				MTL_ENABLE_DEBUG_INFO = YES;
				ONLY_ACTIVE_ARCH = YES;
				SDKROOT = macosx;
				SWIFT_OPTIMIZATION_LEVEL = "-Onone";
			};
			name = Debug;
		};
		149E01E01BD03335001A187A /* Release */ = {
			isa = XCBuildConfiguration;
			buildSettings = {
				ALWAYS_SEARCH_USER_PATHS = NO;
				CLANG_CXX_LANGUAGE_STANDARD = "gnu++0x";
				CLANG_CXX_LIBRARY = "libc++";
				CLANG_ENABLE_MODULES = YES;
				CLANG_ENABLE_OBJC_ARC = YES;
				CLANG_WARN_BOOL_CONVERSION = YES;
				CLANG_WARN_CONSTANT_CONVERSION = YES;
				CLANG_WARN_DIRECT_OBJC_ISA_USAGE = YES_ERROR;
				CLANG_WARN_EMPTY_BODY = YES;
				CLANG_WARN_ENUM_CONVERSION = YES;
				CLANG_WARN_INT_CONVERSION = YES;
				CLANG_WARN_OBJC_ROOT_CLASS = YES_ERROR;
				CLANG_WARN_UNREACHABLE_CODE = YES;
				CLANG_WARN__DUPLICATE_METHOD_MATCH = YES;
				COPY_PHASE_STRIP = NO;
				DEBUG_INFORMATION_FORMAT = "dwarf-with-dsym";
				ENABLE_NS_ASSERTIONS = NO;
				ENABLE_STRICT_OBJC_MSGSEND = YES;
				GCC_C_LANGUAGE_STANDARD = gnu99;
				GCC_NO_COMMON_BLOCKS = YES;
				GCC_WARN_64_TO_32_BIT_CONVERSION = YES;
				GCC_WARN_ABOUT_RETURN_TYPE = YES_ERROR;
				GCC_WARN_UNDECLARED_SELECTOR = YES;
				GCC_WARN_UNINITIALIZED_AUTOS = YES_AGGRESSIVE;
				GCC_WARN_UNUSED_FUNCTION = YES;
				GCC_WARN_UNUSED_VARIABLE = YES;
				MACOSX_DEPLOYMENT_TARGET = 10.10;
				MTL_ENABLE_DEBUG_INFO = NO;
				SDKROOT = macosx;
			};
			name = Release;
		};
		149E01E21BD03335001A187A /* Debug */ = {
			isa = XCBuildConfiguration;
			buildSettings = {
				PRODUCT_NAME = "$(TARGET_NAME)";
			};
			name = Debug;
		};
		149E01E31BD03335001A187A /* Release */ = {
			isa = XCBuildConfiguration;
			buildSettings = {
				PRODUCT_NAME = "$(TARGET_NAME)";
			};
			name = Release;
		};
/* End XCBuildConfiguration section */

/* Begin XCConfigurationList section */
		149E01D51BD03335001A187A /* Build configuration list for PBXProject "Domain Modeling" */ = {
			isa = XCConfigurationList;
			buildConfigurations = (
				149E01DF1BD03335001A187A /* Debug */,
				149E01E01BD03335001A187A /* Release */,
			);
			defaultConfigurationIsVisible = 0;
			defaultConfigurationName = Release;
		};
		149E01E11BD03335001A187A /* Build configuration list for PBXNativeTarget "Domain Modeling" */ = {
			isa = XCConfigurationList;
			buildConfigurations = (
				149E01E21BD03335001A187A /* Debug */,
				149E01E31BD03335001A187A /* Release */,
			);
			defaultConfigurationIsVisible = 0;
			defaultConfigurationName = Release;
		};
/* End XCConfigurationList section */
	};
	rootObject = 149E01D21BD03335001A187A /* Project object */;
}
